// !$*UTF8*$!
{
	archiveVersion = 1;
	classes = {
	};
	objectVersion = 46;
	objects = {

/* Begin PBXBuildFile section */
		DB0BCA011F044135004B8447 /* AssetsLibrary.framework in Frameworks */ = {isa = PBXBuildFile; fileRef = DB2FF1E81F0413190005A9BE /* AssetsLibrary.framework */; };
		DB2FF1E21F0379CB0005A9BE /* docscan.cpp in Sources */ = {isa = PBXBuildFile; fileRef = DB2FF1DE1F0379CB0005A9BE /* docscan.cpp */; };
		DB2FF1E31F0379CB0005A9BE /* geometry.cpp in Sources */ = {isa = PBXBuildFile; fileRef = DB2FF1E01F0379CB0005A9BE /* geometry.cpp */; };
		DB3DAD311EE67AAE005B2885 /* GradientBackgroundView.m in Sources */ = {isa = PBXBuildFile; fileRef = DB3DAD301EE67AAE005B2885 /* GradientBackgroundView.m */; };
		DB4C425F1F1E9CFE002151D2 /* Photos.framework in Frameworks */ = {isa = PBXBuildFile; fileRef = DB4C425E1F1E9CFE002151D2 /* Photos.framework */; };
		DB54DE6A1EC3AC62004AEF31 /* CCCamera.h in Sources */ = {isa = PBXBuildFile; fileRef = DB54DE421EC3A667004AEF31 /* CCCamera.h */; };
		DB54DE6B1EC3AC62004AEF31 /* CCCamera.mm in Sources */ = {isa = PBXBuildFile; fileRef = DB54DE431EC3A667004AEF31 /* CCCamera.mm */; };
		DB54DE6C1EC3AC62004AEF31 /* CCCameraManager.h in Sources */ = {isa = PBXBuildFile; fileRef = DB54DE3E1EC3A56F004AEF31 /* CCCameraManager.h */; };
		DB54DE6D1EC3AC62004AEF31 /* CCCameraManager.m in Sources */ = {isa = PBXBuildFile; fileRef = DB54DE3F1EC3A56F004AEF31 /* CCCameraManager.m */; };
		DB54DE6E1EC3AC62004AEF31 /* CCCameraView.h in Sources */ = {isa = PBXBuildFile; fileRef = DB54DE461EC3A6B6004AEF31 /* CCCameraView.h */; };
		DB54DE6F1EC3AC62004AEF31 /* CCCameraView.m in Sources */ = {isa = PBXBuildFile; fileRef = DB54DE471EC3A6B6004AEF31 /* CCCameraView.m */; };
		DB58BF471F11C8E8003D503B /* StorageUtility.m in Sources */ = {isa = PBXBuildFile; fileRef = DB58BF461F11C8E8003D503B /* StorageUtility.m */; };
		DB58BF4D1F11D5D5003D503B /* UIImage+CCHelper.m in Sources */ = {isa = PBXBuildFile; fileRef = DB58BF4C1F11D5D5003D503B /* UIImage+CCHelper.m */; };
		DB58BF511F11DC72003D503B /* FocusIndicatorView.m in Sources */ = {isa = PBXBuildFile; fileRef = DB58BF501F11DC72003D503B /* FocusIndicatorView.m */; };
		DB58BF541F153577003D503B /* NSData+CCImageExif.m in Sources */ = {isa = PBXBuildFile; fileRef = DB58BF531F153577003D503B /* NSData+CCImageExif.m */; };
		DB58BF5A1F1556CA003D503B /* NSMutableDictionary+CCImageMetadata.m in Sources */ = {isa = PBXBuildFile; fileRef = DB58BF591F1556CA003D503B /* NSMutableDictionary+CCImageMetadata.m */; };
		DB8F58D01F2FD116008119EA /* DocScanOpenCV.mm in Sources */ = {isa = PBXBuildFile; fileRef = DB8F58CF1F2FD116008119EA /* DocScanOpenCV.mm */; };
		DB9F69701ECD664A004D4F85 /* CCCameraModule.m in Sources */ = {isa = PBXBuildFile; fileRef = DB9F696F1ECD664A004D4F85 /* CCCameraModule.m */; };
		DB9F698B1ECD701E004D4F85 /* CCCameraView.xib in Resources */ = {isa = PBXBuildFile; fileRef = DB9F696C1ECD390A004D4F85 /* CCCameraView.xib */; };
		DB9F69C91ED014CE004D4F85 /* Images.xcassets in Resources */ = {isa = PBXBuildFile; fileRef = 13B07FB51A68108700A75B9A /* Images.xcassets */; };
		DB9F69CC1ED10567004D4F85 /* CCCameraLayout.m in Sources */ = {isa = PBXBuildFile; fileRef = DB9F69CB1ED10567004D4F85 /* CCCameraLayout.m */; };
		DB9F69CE1ED109CD004D4F85 /* CCCameraLayout.xib in Resources */ = {isa = PBXBuildFile; fileRef = DB9F69CD1ED109CD004D4F85 /* CCCameraLayout.xib */; };
		DB9F69D11ED109F2004D4F85 /* ResizingSubview.m in Sources */ = {isa = PBXBuildFile; fileRef = DB9F69D01ED109F2004D4F85 /* ResizingSubview.m */; };
		DBB1283A1F37E29700D5ECD8 /* opencv2.framework in Frameworks */ = {isa = PBXBuildFile; fileRef = DBB128391F37E29700D5ECD8 /* opencv2.framework */; };
		DBB4256C1EF312DD00AFD6AF /* CCCameraLayout_iPad.xib in Resources */ = {isa = PBXBuildFile; fileRef = DBE9D01B1EF2490100E2FFE2 /* CCCameraLayout_iPad.xib */; };
		DBC9692A1EDFA9F300578CE2 /* AVFoundation.framework in Frameworks */ = {isa = PBXBuildFile; fileRef = DBC969291EDFA9F300578CE2 /* AVFoundation.framework */; };
		DBC9692D1EDFD73200578CE2 /* CCCameraPreviewView.m in Sources */ = {isa = PBXBuildFile; fileRef = DBC9692C1EDFD73200578CE2 /* CCCameraPreviewView.m */; };
/* End PBXBuildFile section */

/* Begin PBXCopyFilesBuildPhase section */
		DB54DE4C1EC3A9FC004AEF31 /* CopyFiles */ = {
			isa = PBXCopyFilesBuildPhase;
			buildActionMask = 2147483647;
			dstPath = "include/$(PRODUCT_NAME)";
			dstSubfolderSpec = 16;
			files = (
			);
			runOnlyForDeploymentPostprocessing = 0;
		};
/* End PBXCopyFilesBuildPhase section */

/* Begin PBXFileReference section */
		13B07FB51A68108700A75B9A /* Images.xcassets */ = {isa = PBXFileReference; lastKnownFileType = folder.assetcatalog; name = Images.xcassets; path = newcam/Images.xcassets; sourceTree = "<group>"; };
		DB2FF1DE1F0379CB0005A9BE /* docscan.cpp */ = {isa = PBXFileReference; fileEncoding = 4; lastKnownFileType = sourcecode.cpp.cpp; path = docscan.cpp; sourceTree = "<group>"; };
		DB2FF1DF1F0379CB0005A9BE /* docscan.hpp */ = {isa = PBXFileReference; fileEncoding = 4; lastKnownFileType = sourcecode.cpp.h; path = docscan.hpp; sourceTree = "<group>"; };
		DB2FF1E01F0379CB0005A9BE /* geometry.cpp */ = {isa = PBXFileReference; fileEncoding = 4; lastKnownFileType = sourcecode.cpp.cpp; path = geometry.cpp; sourceTree = "<group>"; };
		DB2FF1E11F0379CB0005A9BE /* geometry.hpp */ = {isa = PBXFileReference; fileEncoding = 4; lastKnownFileType = sourcecode.cpp.h; path = geometry.hpp; sourceTree = "<group>"; };
		DB2FF1E81F0413190005A9BE /* AssetsLibrary.framework */ = {isa = PBXFileReference; lastKnownFileType = wrapper.framework; name = AssetsLibrary.framework; path = System/Library/Frameworks/AssetsLibrary.framework; sourceTree = SDKROOT; };
		DB2FF1EE1F0433530005A9BE /* PrefixHeader.pch */ = {isa = PBXFileReference; fileEncoding = 4; lastKnownFileType = sourcecode.c.h; path = PrefixHeader.pch; sourceTree = "<group>"; };
		DB3DAD2F1EE67AAE005B2885 /* GradientBackgroundView.h */ = {isa = PBXFileReference; fileEncoding = 4; indentWidth = 4; lastKnownFileType = sourcecode.c.h; path = GradientBackgroundView.h; sourceTree = "<group>"; tabWidth = 4; };
		DB3DAD301EE67AAE005B2885 /* GradientBackgroundView.m */ = {isa = PBXFileReference; fileEncoding = 4; indentWidth = 4; lastKnownFileType = sourcecode.c.objc; path = GradientBackgroundView.m; sourceTree = "<group>"; tabWidth = 4; };
		DB4C425E1F1E9CFE002151D2 /* Photos.framework */ = {isa = PBXFileReference; lastKnownFileType = wrapper.framework; name = Photos.framework; path = System/Library/Frameworks/Photos.framework; sourceTree = SDKROOT; };
		DB54DE3E1EC3A56F004AEF31 /* CCCameraManager.h */ = {isa = PBXFileReference; fileEncoding = 4; indentWidth = 4; lastKnownFileType = sourcecode.c.h; path = CCCameraManager.h; sourceTree = "<group>"; };
		DB54DE3F1EC3A56F004AEF31 /* CCCameraManager.m */ = {isa = PBXFileReference; fileEncoding = 4; indentWidth = 4; lastKnownFileType = sourcecode.c.objc; path = CCCameraManager.m; sourceTree = "<group>"; };
		DB54DE421EC3A667004AEF31 /* CCCamera.h */ = {isa = PBXFileReference; fileEncoding = 4; indentWidth = 4; lastKnownFileType = sourcecode.c.h; path = CCCamera.h; sourceTree = "<group>"; tabWidth = 4; };
		DB54DE431EC3A667004AEF31 /* CCCamera.mm */ = {isa = PBXFileReference; fileEncoding = 4; indentWidth = 4; lastKnownFileType = sourcecode.cpp.objcpp; path = CCCamera.mm; sourceTree = "<group>"; tabWidth = 4; };
		DB54DE461EC3A6B6004AEF31 /* CCCameraView.h */ = {isa = PBXFileReference; fileEncoding = 4; indentWidth = 4; lastKnownFileType = sourcecode.c.h; path = CCCameraView.h; sourceTree = "<group>"; tabWidth = 2; };
		DB54DE471EC3A6B6004AEF31 /* CCCameraView.m */ = {isa = PBXFileReference; fileEncoding = 4; indentWidth = 4; lastKnownFileType = sourcecode.c.objc; path = CCCameraView.m; sourceTree = "<group>"; tabWidth = 2; };
		DB54DE4E1EC3A9FC004AEF31 /* libCCCamera.a */ = {isa = PBXFileReference; explicitFileType = archive.ar; includeInIndex = 0; path = libCCCamera.a; sourceTree = BUILT_PRODUCTS_DIR; };
		DB58BF451F11C8E8003D503B /* StorageUtility.h */ = {isa = PBXFileReference; fileEncoding = 4; lastKnownFileType = sourcecode.c.h; path = StorageUtility.h; sourceTree = "<group>"; };
		DB58BF461F11C8E8003D503B /* StorageUtility.m */ = {isa = PBXFileReference; fileEncoding = 4; lastKnownFileType = sourcecode.c.objc; path = StorageUtility.m; sourceTree = "<group>"; };
		DB58BF4B1F11D5D5003D503B /* UIImage+CCHelper.h */ = {isa = PBXFileReference; fileEncoding = 4; lastKnownFileType = sourcecode.c.h; path = "UIImage+CCHelper.h"; sourceTree = "<group>"; };
		DB58BF4C1F11D5D5003D503B /* UIImage+CCHelper.m */ = {isa = PBXFileReference; fileEncoding = 4; indentWidth = 4; lastKnownFileType = sourcecode.c.objc; path = "UIImage+CCHelper.m"; sourceTree = "<group>"; tabWidth = 4; };
		DB58BF4F1F11DC72003D503B /* FocusIndicatorView.h */ = {isa = PBXFileReference; fileEncoding = 4; indentWidth = 4; lastKnownFileType = sourcecode.c.h; path = FocusIndicatorView.h; sourceTree = "<group>"; tabWidth = 4; };
		DB58BF501F11DC72003D503B /* FocusIndicatorView.m */ = {isa = PBXFileReference; fileEncoding = 4; indentWidth = 4; lastKnownFileType = sourcecode.c.objc; path = FocusIndicatorView.m; sourceTree = "<group>"; tabWidth = 4; };
		DB58BF521F153577003D503B /* NSData+CCImageExif.h */ = {isa = PBXFileReference; fileEncoding = 4; lastKnownFileType = sourcecode.c.h; path = "NSData+CCImageExif.h"; sourceTree = "<group>"; };
		DB58BF531F153577003D503B /* NSData+CCImageExif.m */ = {isa = PBXFileReference; fileEncoding = 4; lastKnownFileType = sourcecode.c.objc; path = "NSData+CCImageExif.m"; sourceTree = "<group>"; };
		DB58BF581F1556CA003D503B /* NSMutableDictionary+CCImageMetadata.h */ = {isa = PBXFileReference; fileEncoding = 4; lastKnownFileType = sourcecode.c.h; path = "NSMutableDictionary+CCImageMetadata.h"; sourceTree = "<group>"; };
		DB58BF591F1556CA003D503B /* NSMutableDictionary+CCImageMetadata.m */ = {isa = PBXFileReference; fileEncoding = 4; lastKnownFileType = sourcecode.c.objc; path = "NSMutableDictionary+CCImageMetadata.m"; sourceTree = "<group>"; };
		DB58BF631F1D5E27003D503B /* JPSVolumeButtonHandler */ = {isa = PBXFileReference; lastKnownFileType = folder; path = JPSVolumeButtonHandler; sourceTree = "<group>"; };
		DB7EAB491F30F01100D8FC9D /* libc++.tbd */ = {isa = PBXFileReference; lastKnownFileType = "sourcecode.text-based-dylib-definition"; name = "libc++.tbd"; path = "usr/lib/libc++.tbd"; sourceTree = SDKROOT; };
		DB8F58CD1F2FD01B008119EA /* CCCameraImageProcessor.h */ = {isa = PBXFileReference; fileEncoding = 4; lastKnownFileType = sourcecode.c.h; path = CCCameraImageProcessor.h; sourceTree = "<group>"; };
		DB8F58CE1F2FD116008119EA /* DocScanOpenCV.h */ = {isa = PBXFileReference; fileEncoding = 4; lastKnownFileType = sourcecode.c.h; path = DocScanOpenCV.h; sourceTree = "<group>"; };
		DB8F58CF1F2FD116008119EA /* DocScanOpenCV.mm */ = {isa = PBXFileReference; explicitFileType = sourcecode.cpp.objcpp; fileEncoding = 4; indentWidth = 4; path = DocScanOpenCV.mm; sourceTree = "<group>"; tabWidth = 4; };
		DB9F696C1ECD390A004D4F85 /* CCCameraView.xib */ = {isa = PBXFileReference; fileEncoding = 4; lastKnownFileType = file.xib; path = CCCameraView.xib; sourceTree = "<group>"; };
		DB9F696E1ECD664A004D4F85 /* CCCameraModule.h */ = {isa = PBXFileReference; fileEncoding = 4; indentWidth = 4; lastKnownFileType = sourcecode.c.h; path = CCCameraModule.h; sourceTree = "<group>"; tabWidth = 4; };
		DB9F696F1ECD664A004D4F85 /* CCCameraModule.m */ = {isa = PBXFileReference; fileEncoding = 4; indentWidth = 4; lastKnownFileType = sourcecode.c.objc; path = CCCameraModule.m; sourceTree = "<group>"; tabWidth = 4; };
		DB9F69851ECD6FC9004D4F85 /* CCCameraResources.bundle */ = {isa = PBXFileReference; explicitFileType = wrapper.cfbundle; includeInIndex = 0; path = CCCameraResources.bundle; sourceTree = BUILT_PRODUCTS_DIR; };
		DB9F69871ECD6FC9004D4F85 /* Info.plist */ = {isa = PBXFileReference; lastKnownFileType = text.plist.xml; path = Info.plist; sourceTree = "<group>"; };
		DB9F69CA1ED10567004D4F85 /* CCCameraLayout.h */ = {isa = PBXFileReference; fileEncoding = 4; indentWidth = 4; lastKnownFileType = sourcecode.c.h; path = CCCameraLayout.h; sourceTree = "<group>"; tabWidth = 4; };
		DB9F69CB1ED10567004D4F85 /* CCCameraLayout.m */ = {isa = PBXFileReference; fileEncoding = 4; indentWidth = 4; lastKnownFileType = sourcecode.c.objc; path = CCCameraLayout.m; sourceTree = "<group>"; tabWidth = 4; };
		DB9F69CD1ED109CD004D4F85 /* CCCameraLayout.xib */ = {isa = PBXFileReference; fileEncoding = 4; lastKnownFileType = file.xib; path = CCCameraLayout.xib; sourceTree = "<group>"; };
		DB9F69CF1ED109F2004D4F85 /* ResizingSubview.h */ = {isa = PBXFileReference; fileEncoding = 4; lastKnownFileType = sourcecode.c.h; path = ResizingSubview.h; sourceTree = "<group>"; };
		DB9F69D01ED109F2004D4F85 /* ResizingSubview.m */ = {isa = PBXFileReference; fileEncoding = 4; indentWidth = 4; lastKnownFileType = sourcecode.c.objc; path = ResizingSubview.m; sourceTree = "<group>"; tabWidth = 4; };
		DB9F69DE1ED15728004D4F85 /* CCCameraLayoutDelegate.h */ = {isa = PBXFileReference; fileEncoding = 4; lastKnownFileType = sourcecode.c.h; path = CCCameraLayoutDelegate.h; sourceTree = "<group>"; };
		DBB128391F37E29700D5ECD8 /* opencv2.framework */ = {isa = PBXFileReference; lastKnownFileType = wrapper.framework; path = opencv2.framework; sourceTree = "<group>"; };
		DBC969271EDE078C00578CE2 /* CCCameraDelegate.h */ = {isa = PBXFileReference; fileEncoding = 4; indentWidth = 4; lastKnownFileType = sourcecode.c.h; path = CCCameraDelegate.h; sourceTree = "<group>"; tabWidth = 4; };
		DBC969291EDFA9F300578CE2 /* AVFoundation.framework */ = {isa = PBXFileReference; lastKnownFileType = wrapper.framework; name = AVFoundation.framework; path = System/Library/Frameworks/AVFoundation.framework; sourceTree = SDKROOT; };
		DBC9692B1EDFD73200578CE2 /* CCCameraPreviewView.h */ = {isa = PBXFileReference; fileEncoding = 4; indentWidth = 4; lastKnownFileType = sourcecode.c.h; path = CCCameraPreviewView.h; sourceTree = "<group>"; tabWidth = 4; };
		DBC9692C1EDFD73200578CE2 /* CCCameraPreviewView.m */ = {isa = PBXFileReference; fileEncoding = 4; indentWidth = 4; lastKnownFileType = sourcecode.c.objc; path = CCCameraPreviewView.m; sourceTree = "<group>"; tabWidth = 4; };
		DBE9D01B1EF2490100E2FFE2 /* CCCameraLayout_iPad.xib */ = {isa = PBXFileReference; fileEncoding = 4; lastKnownFileType = file.xib; path = CCCameraLayout_iPad.xib; sourceTree = "<group>"; };
/* End PBXFileReference section */

/* Begin PBXFrameworksBuildPhase section */
		DB54DE4B1EC3A9FC004AEF31 /* Frameworks */ = {
			isa = PBXFrameworksBuildPhase;
			buildActionMask = 2147483647;
			files = (
				DBB1283A1F37E29700D5ECD8 /* opencv2.framework in Frameworks */,
				DB4C425F1F1E9CFE002151D2 /* Photos.framework in Frameworks */,
				DB0BCA011F044135004B8447 /* AssetsLibrary.framework in Frameworks */,
			);
			runOnlyForDeploymentPostprocessing = 0;
		};
		DB9F69821ECD6FC9004D4F85 /* Frameworks */ = {
			isa = PBXFrameworksBuildPhase;
			buildActionMask = 2147483647;
			files = (
				DBC9692A1EDFA9F300578CE2 /* AVFoundation.framework in Frameworks */,
			);
			runOnlyForDeploymentPostprocessing = 0;
		};
/* End PBXFrameworksBuildPhase section */

/* Begin PBXGroup section */
		13B07FAE1A68108700A75B9A /* newcam */ = {
			isa = PBXGroup;
			children = (
				DB54DE411EC3A5C3004AEF31 /* cameras */,
				DB2FF1DC1F0376070005A9BE /* imageprocessing */,
				DB9F69BF1ECDFAB4004D4F85 /* utils */,
				DB54DE451EC3A693004AEF31 /* views */,
				13B07FB51A68108700A75B9A /* Images.xcassets */,
				DB54DE3E1EC3A56F004AEF31 /* CCCameraManager.h */,
				DB54DE3F1EC3A56F004AEF31 /* CCCameraManager.m */,
				DB54DE461EC3A6B6004AEF31 /* CCCameraView.h */,
				DB54DE471EC3A6B6004AEF31 /* CCCameraView.m */,
				DB9F696E1ECD664A004D4F85 /* CCCameraModule.h */,
				DB9F696F1ECD664A004D4F85 /* CCCameraModule.m */,
			);
			name = newcam;
			sourceTree = "<group>";
		};
		832341AE1AAA6A7D00B99B32 /* Libraries */ = {
			isa = PBXGroup;
			children = (
				DB58BF631F1D5E27003D503B /* JPSVolumeButtonHandler */,
			);
			name = Libraries;
			sourceTree = "<group>";
		};
		83CBB9F61A601CBA00E9B192 = {
			isa = PBXGroup;
			children = (
				DB2FF1EE1F0433530005A9BE /* PrefixHeader.pch */,
				DB2FF1DD1F03796A0005A9BE /* cpp */,
				13B07FAE1A68108700A75B9A /* newcam */,
				832341AE1AAA6A7D00B99B32 /* Libraries */,
				DB9F69861ECD6FC9004D4F85 /* CCCameraResources */,
				83CBBA001A601CBA00E9B192 /* Products */,
				DBC969281EDFA9F200578CE2 /* Frameworks */,
			);
			indentWidth = 2;
			sourceTree = "<group>";
			tabWidth = 2;
		};
		83CBBA001A601CBA00E9B192 /* Products */ = {
			isa = PBXGroup;
			children = (
				DB54DE4E1EC3A9FC004AEF31 /* libCCCamera.a */,
				DB9F69851ECD6FC9004D4F85 /* CCCameraResources.bundle */,
			);
			name = Products;
			sourceTree = "<group>";
		};
		DB2FF1DC1F0376070005A9BE /* imageprocessing */ = {
			isa = PBXGroup;
			children = (
				DB8F58CD1F2FD01B008119EA /* CCCameraImageProcessor.h */,
				DB8F58CE1F2FD116008119EA /* DocScanOpenCV.h */,
				DB8F58CF1F2FD116008119EA /* DocScanOpenCV.mm */,
			);
			name = imageprocessing;
			sourceTree = "<group>";
		};
		DB2FF1DD1F03796A0005A9BE /* cpp */ = {
			isa = PBXGroup;
			children = (
				DB2FF1DE1F0379CB0005A9BE /* docscan.cpp */,
				DB2FF1DF1F0379CB0005A9BE /* docscan.hpp */,
				DB2FF1E01F0379CB0005A9BE /* geometry.cpp */,
				DB2FF1E11F0379CB0005A9BE /* geometry.hpp */,
			);
			name = cpp;
			sourceTree = "<group>";
		};
		DB54DE411EC3A5C3004AEF31 /* cameras */ = {
			isa = PBXGroup;
			children = (
				DB54DE421EC3A667004AEF31 /* CCCamera.h */,
				DB54DE431EC3A667004AEF31 /* CCCamera.mm */,
			);
			name = cameras;
			sourceTree = "<group>";
		};
		DB54DE451EC3A693004AEF31 /* views */ = {
			isa = PBXGroup;
			children = (
				DB9F696B1ECD385E004D4F85 /* nibs */,
				DB9F69CA1ED10567004D4F85 /* CCCameraLayout.h */,
				DB9F69CB1ED10567004D4F85 /* CCCameraLayout.m */,
				DB9F69CF1ED109F2004D4F85 /* ResizingSubview.h */,
				DB9F69D01ED109F2004D4F85 /* ResizingSubview.m */,
				DBC9692B1EDFD73200578CE2 /* CCCameraPreviewView.h */,
				DBC9692C1EDFD73200578CE2 /* CCCameraPreviewView.m */,
			);
			name = views;
			sourceTree = "<group>";
		};
		DB58BF4E1F11DC42003D503B /* views */ = {
			isa = PBXGroup;
			children = (
				DB3DAD2F1EE67AAE005B2885 /* GradientBackgroundView.h */,
				DB3DAD301EE67AAE005B2885 /* GradientBackgroundView.m */,
				DB58BF4F1F11DC72003D503B /* FocusIndicatorView.h */,
				DB58BF501F11DC72003D503B /* FocusIndicatorView.m */,
			);
			name = views;
			sourceTree = "<group>";
		};
		DB9F696B1ECD385E004D4F85 /* nibs */ = {
			isa = PBXGroup;
			children = (
				DB9F696C1ECD390A004D4F85 /* CCCameraView.xib */,
				DB9F69CD1ED109CD004D4F85 /* CCCameraLayout.xib */,
				DBE9D01B1EF2490100E2FFE2 /* CCCameraLayout_iPad.xib */,
			);
			name = nibs;
			sourceTree = "<group>";
		};
		DB9F69861ECD6FC9004D4F85 /* CCCameraResources */ = {
			isa = PBXGroup;
			children = (
				DB9F69871ECD6FC9004D4F85 /* Info.plist */,
			);
			path = CCCameraResources;
			sourceTree = "<group>";
		};
		DB9F69BF1ECDFAB4004D4F85 /* utils */ = {
			isa = PBXGroup;
			children = (
				DB58BF4E1F11DC42003D503B /* views */,
				DB9F69DE1ED15728004D4F85 /* CCCameraLayoutDelegate.h */,
				DBC969271EDE078C00578CE2 /* CCCameraDelegate.h */,
				DB58BF451F11C8E8003D503B /* StorageUtility.h */,
				DB58BF461F11C8E8003D503B /* StorageUtility.m */,
				DB58BF4B1F11D5D5003D503B /* UIImage+CCHelper.h */,
				DB58BF4C1F11D5D5003D503B /* UIImage+CCHelper.m */,
				DB58BF521F153577003D503B /* NSData+CCImageExif.h */,
				DB58BF531F153577003D503B /* NSData+CCImageExif.m */,
				DB58BF581F1556CA003D503B /* NSMutableDictionary+CCImageMetadata.h */,
				DB58BF591F1556CA003D503B /* NSMutableDictionary+CCImageMetadata.m */,
			);
			name = utils;
			sourceTree = "<group>";
		};
		DBC969281EDFA9F200578CE2 /* Frameworks */ = {
			isa = PBXGroup;
			children = (
				DB7EAB491F30F01100D8FC9D /* libc++.tbd */,
				DBB128391F37E29700D5ECD8 /* opencv2.framework */,
				DB4C425E1F1E9CFE002151D2 /* Photos.framework */,
				DB2FF1E81F0413190005A9BE /* AssetsLibrary.framework */,
				DBC969291EDFA9F300578CE2 /* AVFoundation.framework */,
			);
			name = Frameworks;
			sourceTree = "<group>";
		};
/* End PBXGroup section */

/* Begin PBXNativeTarget section */
		DB54DE4D1EC3A9FC004AEF31 /* CCCamera */ = {
			isa = PBXNativeTarget;
			buildConfigurationList = DB54DE541EC3A9FC004AEF31 /* Build configuration list for PBXNativeTarget "CCCamera" */;
			buildPhases = (
				DB54DE4A1EC3A9FC004AEF31 /* Sources */,
				DB54DE4B1EC3A9FC004AEF31 /* Frameworks */,
				DB54DE4C1EC3A9FC004AEF31 /* CopyFiles */,
			);
			buildRules = (
			);
			dependencies = (
			);
			name = CCCamera;
			productName = CCCamera;
			productReference = DB54DE4E1EC3A9FC004AEF31 /* libCCCamera.a */;
			productType = "com.apple.product-type.library.static";
		};
		DB9F69841ECD6FC9004D4F85 /* CCCameraResources */ = {
			isa = PBXNativeTarget;
			buildConfigurationList = DB9F69881ECD6FC9004D4F85 /* Build configuration list for PBXNativeTarget "CCCameraResources" */;
			buildPhases = (
				DB9F69811ECD6FC9004D4F85 /* Sources */,
				DB9F69821ECD6FC9004D4F85 /* Frameworks */,
				DB9F69831ECD6FC9004D4F85 /* Resources */,
			);
			buildRules = (
			);
			dependencies = (
			);
			name = CCCameraResources;
			productName = CCCameraResources;
			productReference = DB9F69851ECD6FC9004D4F85 /* CCCameraResources.bundle */;
			productType = "com.apple.product-type.bundle";
		};
/* End PBXNativeTarget section */

/* Begin PBXProject section */
		83CBB9F71A601CBA00E9B192 /* Project object */ = {
			isa = PBXProject;
			attributes = {
				LastUpgradeCheck = 0610;
				ORGANIZATIONNAME = Facebook;
				TargetAttributes = {
					DB54DE4D1EC3A9FC004AEF31 = {
						CreatedOnToolsVersion = 8.1;
						DevelopmentTeam = UL86D3FX2G;
						ProvisioningStyle = Automatic;
					};
					DB9F69841ECD6FC9004D4F85 = {
						CreatedOnToolsVersion = 8.1;
						ProvisioningStyle = Automatic;
					};
				};
			};
			buildConfigurationList = 83CBB9FA1A601CBA00E9B192 /* Build configuration list for PBXProject "newcam" */;
			compatibilityVersion = "Xcode 3.2";
			developmentRegion = English;
			hasScannedForEncodings = 0;
			knownRegions = (
				en,
				Base,
			);
			mainGroup = 83CBB9F61A601CBA00E9B192;
			productRefGroup = 83CBBA001A601CBA00E9B192 /* Products */;
			projectDirPath = "";
			projectRoot = "";
			targets = (
				DB54DE4D1EC3A9FC004AEF31 /* CCCamera */,
				DB9F69841ECD6FC9004D4F85 /* CCCameraResources */,
			);
		};
/* End PBXProject section */

/* Begin PBXResourcesBuildPhase section */
		DB9F69831ECD6FC9004D4F85 /* Resources */ = {
			isa = PBXResourcesBuildPhase;
			buildActionMask = 2147483647;
			files = (
				DB9F69C91ED014CE004D4F85 /* Images.xcassets in Resources */,
				DB9F69CE1ED109CD004D4F85 /* CCCameraLayout.xib in Resources */,
				DBB4256C1EF312DD00AFD6AF /* CCCameraLayout_iPad.xib in Resources */,
				DB9F698B1ECD701E004D4F85 /* CCCameraView.xib in Resources */,
			);
			runOnlyForDeploymentPostprocessing = 0;
		};
/* End PBXResourcesBuildPhase section */

/* Begin PBXSourcesBuildPhase section */
		DB54DE4A1EC3A9FC004AEF31 /* Sources */ = {
			isa = PBXSourcesBuildPhase;
			buildActionMask = 2147483647;
			files = (
				DB8F58D01F2FD116008119EA /* DocScanOpenCV.mm in Sources */,
				DB58BF4D1F11D5D5003D503B /* UIImage+CCHelper.m in Sources */,
				DB3DAD311EE67AAE005B2885 /* GradientBackgroundView.m in Sources */,
				DB9F69CC1ED10567004D4F85 /* CCCameraLayout.m in Sources */,
				DB54DE6A1EC3AC62004AEF31 /* CCCamera.h in Sources */,
				DB58BF5A1F1556CA003D503B /* NSMutableDictionary+CCImageMetadata.m in Sources */,
				DB54DE6B1EC3AC62004AEF31 /* CCCamera.mm in Sources */,
				DB58BF471F11C8E8003D503B /* StorageUtility.m in Sources */,
				DB9F69701ECD664A004D4F85 /* CCCameraModule.m in Sources */,
				DB58BF511F11DC72003D503B /* FocusIndicatorView.m in Sources */,
				DB58BF541F153577003D503B /* NSData+CCImageExif.m in Sources */,
				DB2FF1E31F0379CB0005A9BE /* geometry.cpp in Sources */,
				DB9F69D11ED109F2004D4F85 /* ResizingSubview.m in Sources */,
				DB54DE6C1EC3AC62004AEF31 /* CCCameraManager.h in Sources */,
				DB2FF1E21F0379CB0005A9BE /* docscan.cpp in Sources */,
				DB54DE6D1EC3AC62004AEF31 /* CCCameraManager.m in Sources */,
				DB54DE6E1EC3AC62004AEF31 /* CCCameraView.h in Sources */,
				DBC9692D1EDFD73200578CE2 /* CCCameraPreviewView.m in Sources */,
				DB54DE6F1EC3AC62004AEF31 /* CCCameraView.m in Sources */,
			);
			runOnlyForDeploymentPostprocessing = 0;
		};
		DB9F69811ECD6FC9004D4F85 /* Sources */ = {
			isa = PBXSourcesBuildPhase;
			buildActionMask = 2147483647;
			files = (
			);
			runOnlyForDeploymentPostprocessing = 0;
		};
/* End PBXSourcesBuildPhase section */

/* Begin XCBuildConfiguration section */
		83CBBA201A601CBA00E9B192 /* Debug */ = {
			isa = XCBuildConfiguration;
			buildSettings = {
				ALWAYS_SEARCH_USER_PATHS = NO;
				CLANG_CXX_LANGUAGE_STANDARD = "gnu++0x";
				CLANG_CXX_LIBRARY = "libc++";
				CLANG_ENABLE_MODULES = YES;
				CLANG_ENABLE_OBJC_ARC = YES;
				CLANG_WARN_BOOL_CONVERSION = YES;
				CLANG_WARN_CONSTANT_CONVERSION = YES;
				CLANG_WARN_DIRECT_OBJC_ISA_USAGE = YES_ERROR;
				CLANG_WARN_EMPTY_BODY = YES;
				CLANG_WARN_ENUM_CONVERSION = YES;
				CLANG_WARN_INT_CONVERSION = YES;
				CLANG_WARN_OBJC_ROOT_CLASS = YES_ERROR;
				CLANG_WARN_UNREACHABLE_CODE = YES;
				CLANG_WARN__DUPLICATE_METHOD_MATCH = YES;
				"CODE_SIGN_IDENTITY[sdk=iphoneos*]" = "iPhone Developer";
				COPY_PHASE_STRIP = NO;
				ENABLE_STRICT_OBJC_MSGSEND = YES;
				GCC_C_LANGUAGE_STANDARD = gnu99;
				GCC_DYNAMIC_NO_PIC = NO;
				GCC_OPTIMIZATION_LEVEL = 0;
				GCC_PREPROCESSOR_DEFINITIONS = (
					"DEBUG=1",
					"$(inherited)",
				);
				GCC_SYMBOLS_PRIVATE_EXTERN = NO;
				GCC_WARN_64_TO_32_BIT_CONVERSION = YES;
				GCC_WARN_ABOUT_RETURN_TYPE = YES_ERROR;
				GCC_WARN_UNDECLARED_SELECTOR = YES;
				GCC_WARN_UNINITIALIZED_AUTOS = YES_AGGRESSIVE;
				GCC_WARN_UNUSED_FUNCTION = YES;
				GCC_WARN_UNUSED_VARIABLE = YES;
				HEADER_SEARCH_PATHS = (
					"$(inherited)",
					"$(SRCROOT)/../node_modules/react-native/React/**",
					"$(SRCROOT)/../node_modules/react-native/ReactCommon/**",
				);
				IPHONEOS_DEPLOYMENT_TARGET = 8.0;
				MTL_ENABLE_DEBUG_INFO = YES;
				ONLY_ACTIVE_ARCH = YES;
				SDKROOT = iphoneos;
			};
			name = Debug;
		};
		83CBBA211A601CBA00E9B192 /* Release */ = {
			isa = XCBuildConfiguration;
			buildSettings = {
				ALWAYS_SEARCH_USER_PATHS = NO;
				CLANG_CXX_LANGUAGE_STANDARD = "gnu++0x";
				CLANG_CXX_LIBRARY = "libc++";
				CLANG_ENABLE_MODULES = YES;
				CLANG_ENABLE_OBJC_ARC = YES;
				CLANG_WARN_BOOL_CONVERSION = YES;
				CLANG_WARN_CONSTANT_CONVERSION = YES;
				CLANG_WARN_DIRECT_OBJC_ISA_USAGE = YES_ERROR;
				CLANG_WARN_EMPTY_BODY = YES;
				CLANG_WARN_ENUM_CONVERSION = YES;
				CLANG_WARN_INT_CONVERSION = YES;
				CLANG_WARN_OBJC_ROOT_CLASS = YES_ERROR;
				CLANG_WARN_UNREACHABLE_CODE = YES;
				CLANG_WARN__DUPLICATE_METHOD_MATCH = YES;
				"CODE_SIGN_IDENTITY[sdk=iphoneos*]" = "iPhone Developer";
				COPY_PHASE_STRIP = YES;
				ENABLE_NS_ASSERTIONS = NO;
				ENABLE_STRICT_OBJC_MSGSEND = YES;
				GCC_C_LANGUAGE_STANDARD = gnu99;
				GCC_WARN_64_TO_32_BIT_CONVERSION = YES;
				GCC_WARN_ABOUT_RETURN_TYPE = YES_ERROR;
				GCC_WARN_UNDECLARED_SELECTOR = YES;
				GCC_WARN_UNINITIALIZED_AUTOS = YES_AGGRESSIVE;
				GCC_WARN_UNUSED_FUNCTION = YES;
				GCC_WARN_UNUSED_VARIABLE = YES;
				HEADER_SEARCH_PATHS = (
					"$(inherited)",
					"$(SRCROOT)/../node_modules/react-native/React/**",
					"$(SRCROOT)/../node_modules/react-native/ReactCommon/**",
				);
				IPHONEOS_DEPLOYMENT_TARGET = 8.0;
				MTL_ENABLE_DEBUG_INFO = NO;
				SDKROOT = iphoneos;
				VALIDATE_PRODUCT = YES;
			};
			name = Release;
		};
		DB54DE551EC3A9FC004AEF31 /* Debug */ = {
			isa = XCBuildConfiguration;
			buildSettings = {
				ALWAYS_SEARCH_USER_PATHS = YES;
				CLANG_ANALYZER_NONNULL = YES;
				CLANG_CXX_LANGUAGE_STANDARD = "gnu++0x";
				CLANG_CXX_LIBRARY = "libc++";
				CLANG_WARN_DOCUMENTATION_COMMENTS = YES;
				CLANG_WARN_INFINITE_RECURSION = YES;
				CLANG_WARN_SUSPICIOUS_MOVES = YES;
				DEBUG_INFORMATION_FORMAT = dwarf;
				DEVELOPMENT_TEAM = UL86D3FX2G;
				ENABLE_TESTABILITY = YES;
				FRAMEWORK_SEARCH_PATHS = "$(PROJECT_DIR)";
				GCC_NO_COMMON_BLOCKS = YES;
				GCC_PRECOMPILE_PREFIX_HEADER = YES;
				GCC_PREFIX_HEADER = "$(PROJECT_DIR)/PrefixHeader.pch";
				IPHONEOS_DEPLOYMENT_TARGET = 8.0;
				ONLY_ACTIVE_ARCH = NO;
				OTHER_LDFLAGS = (
					"-ObjC",
					"-static",
				);
				PRODUCT_NAME = "$(TARGET_NAME)";
				SKIP_INSTALL = YES;
			};
			name = Debug;
		};
		DB54DE561EC3A9FC004AEF31 /* Release */ = {
			isa = XCBuildConfiguration;
			buildSettings = {
				ALWAYS_SEARCH_USER_PATHS = YES;
				CLANG_ANALYZER_NONNULL = YES;
				CLANG_CXX_LANGUAGE_STANDARD = "gnu++0x";
				CLANG_CXX_LIBRARY = "libc++";
				CLANG_WARN_DOCUMENTATION_COMMENTS = YES;
				CLANG_WARN_INFINITE_RECURSION = YES;
				CLANG_WARN_SUSPICIOUS_MOVES = YES;
				COPY_PHASE_STRIP = NO;
				DEBUG_INFORMATION_FORMAT = "dwarf-with-dsym";
				DEVELOPMENT_TEAM = UL86D3FX2G;
				FRAMEWORK_SEARCH_PATHS = "$(PROJECT_DIR)";
				GCC_NO_COMMON_BLOCKS = YES;
				GCC_PRECOMPILE_PREFIX_HEADER = YES;
				GCC_PREFIX_HEADER = "$(PROJECT_DIR)/PrefixHeader.pch";
				IPHONEOS_DEPLOYMENT_TARGET = 8.0;
				ONLY_ACTIVE_ARCH = NO;
				OTHER_LDFLAGS = (
					"-ObjC",
					"-static",
				);
				PRODUCT_NAME = "$(TARGET_NAME)";
				SKIP_INSTALL = YES;
			};
			name = Release;
		};
		DB9F69891ECD6FC9004D4F85 /* Debug */ = {
			isa = XCBuildConfiguration;
			buildSettings = {
				ALWAYS_SEARCH_USER_PATHS = YES;
				CLANG_ANALYZER_NONNULL = YES;
				CLANG_CXX_LANGUAGE_STANDARD = "gnu++0x";
				CLANG_CXX_LIBRARY = "libc++";
				CLANG_WARN_DOCUMENTATION_COMMENTS = YES;
				CLANG_WARN_INFINITE_RECURSION = YES;
				CLANG_WARN_SUSPICIOUS_MOVES = YES;
				CODE_SIGN_IDENTITY = "-";
				COMBINE_HIDPI_IMAGES = YES;
				DEBUG_INFORMATION_FORMAT = dwarf;
				ENABLE_TESTABILITY = YES;
				FRAMEWORK_SEARCH_PATHS = "$(PROJECT_DIR)";
				GCC_NO_COMMON_BLOCKS = YES;
				GCC_PRECOMPILE_PREFIX_HEADER = NO;
				GCC_PREFIX_HEADER = "";
				INFOPLIST_FILE = CCCameraResources/Info.plist;
				INSTALL_PATH = "$(LOCAL_LIBRARY_DIR)/Bundles";
				MACOSX_DEPLOYMENT_TARGET = 10.11;
				ONLY_ACTIVE_ARCH = NO;
				PRODUCT_BUNDLE_IDENTIFIER = com.companycam.CCCameraResources;
				PRODUCT_NAME = "$(TARGET_NAME)";
				SDKROOT = iphoneos;
				SKIP_INSTALL = YES;
				WRAPPER_EXTENSION = bundle;
			};
			name = Debug;
		};
		DB9F698A1ECD6FC9004D4F85 /* Release */ = {
			isa = XCBuildConfiguration;
			buildSettings = {
				ALWAYS_SEARCH_USER_PATHS = YES;
				CLANG_ANALYZER_NONNULL = YES;
				CLANG_CXX_LANGUAGE_STANDARD = "gnu++0x";
				CLANG_CXX_LIBRARY = "libc++";
				CLANG_WARN_DOCUMENTATION_COMMENTS = YES;
				CLANG_WARN_INFINITE_RECURSION = YES;
				CLANG_WARN_SUSPICIOUS_MOVES = YES;
				CODE_SIGN_IDENTITY = "-";
				COMBINE_HIDPI_IMAGES = YES;
				COPY_PHASE_STRIP = NO;
				DEBUG_INFORMATION_FORMAT = "dwarf-with-dsym";
				FRAMEWORK_SEARCH_PATHS = "$(PROJECT_DIR)";
				GCC_NO_COMMON_BLOCKS = YES;
				GCC_PRECOMPILE_PREFIX_HEADER = NO;
				GCC_PREFIX_HEADER = "";
				INFOPLIST_FILE = CCCameraResources/Info.plist;
				INSTALL_PATH = "$(LOCAL_LIBRARY_DIR)/Bundles";
				MACOSX_DEPLOYMENT_TARGET = 10.11;
				ONLY_ACTIVE_ARCH = NO;
				PRODUCT_BUNDLE_IDENTIFIER = com.companycam.CCCameraResources;
				PRODUCT_NAME = "$(TARGET_NAME)";
				SDKROOT = iphoneos;
				SKIP_INSTALL = YES;
				WRAPPER_EXTENSION = bundle;
			};
			name = Release;
		};
/* End XCBuildConfiguration section */

/* Begin XCConfigurationList section */
		83CBB9FA1A601CBA00E9B192 /* Build configuration list for PBXProject "newcam" */ = {
			isa = XCConfigurationList;
			buildConfigurations = (
				83CBBA201A601CBA00E9B192 /* Debug */,
				83CBBA211A601CBA00E9B192 /* Release */,
			);
			defaultConfigurationIsVisible = 0;
			defaultConfigurationName = Release;
		};
		DB54DE541EC3A9FC004AEF31 /* Build configuration list for PBXNativeTarget "CCCamera" */ = {
			isa = XCConfigurationList;
			buildConfigurations = (
				DB54DE551EC3A9FC004AEF31 /* Debug */,
				DB54DE561EC3A9FC004AEF31 /* Release */,
			);
			defaultConfigurationIsVisible = 0;
			defaultConfigurationName = Release;
		};
		DB9F69881ECD6FC9004D4F85 /* Build configuration list for PBXNativeTarget "CCCameraResources" */ = {
			isa = XCConfigurationList;
			buildConfigurations = (
				DB9F69891ECD6FC9004D4F85 /* Debug */,
				DB9F698A1ECD6FC9004D4F85 /* Release */,
			);
			defaultConfigurationIsVisible = 0;
			defaultConfigurationName = Release;
		};
/* End XCConfigurationList section */
	};
	rootObject = 83CBB9F71A601CBA00E9B192 /* Project object */;
}
